
Microsoft Visual Studio Solution File, Format Version 12.00
# Visual Studio Version 16
VisualStudioVersion = 16.0.31321.278
MinimumVisualStudioVersion = 10.0.40219.1
Project("{FAE04EC0-301F-11D3-BF4B-00C04F79EFBC}") = "Vanitha-BS HandsOn2-Day1", "Vanitha-BS HandsOn2-Day1\Vanitha-BS HandsOn2-Day1.csproj", "{A4B2EF71-D83F-4C49-93BF-3F210061F391}"
EndProject
Global
	GlobalSection(SolutionConfigurationPlatforms) = preSolution
		Debug|Any CPU = Debug|Any CPU
		Release|Any CPU = Release|Any CPU
	EndGlobalSection
	GlobalSection(ProjectConfigurationPlatforms) = postSolution
		{A4B2EF71-D83F-4C49-93BF-3F210061F391}.Debug|Any CPU.ActiveCfg = Debug|Any CPU
		{A4B2EF71-D83F-4C49-93BF-3F210061F391}.Debug|Any CPU.Build.0 = Debug|Any CPU
		{A4B2EF71-D83F-4C49-93BF-3F210061F391}.Release|Any CPU.ActiveCfg = Release|Any CPU
		{A4B2EF71-D83F-4C49-93BF-3F210061F391}.Release|Any CPU.Build.0 = Release|Any CPU
	EndGlobalSection
	GlobalSection(SolutionProperties) = preSolution
		HideSolutionNode = FALSE
	EndGlobalSection
	GlobalSection(ExtensibilityGlobals) = postSolution
		SolutionGuid = {104D9BED-A00B-4335-913A-2B7AAF57194E}
	EndGlobalSection
EndGlobal
